
Microsoft Visual Studio Solution File, Format Version 12.00
# Visual Studio Version 17
VisualStudioVersion = 17.8.34322.80
MinimumVisualStudioVersion = 10.0.40219.1
Project("{9A19103F-16F7-4668-BE54-9A1E7A4F7556}") = "WebAppForJWT", "WebAppForJWT\WebAppForJWT.csproj", "{463C3B11-E241-4134-8680-24EA8DAB51F2}"
EndProject
Global
	GlobalSection(SolutionConfigurationPlatforms) = preSolution
		Debug|Any CPU = Debug|Any CPU
		Release|Any CPU = Release|Any CPU
	EndGlobalSection
	GlobalSection(ProjectConfigurationPlatforms) = postSolution
		{463C3B11-E241-4134-8680-24EA8DAB51F2}.Debug|Any CPU.ActiveCfg = Debug|Any CPU
		{463C3B11-E241-4134-8680-24EA8DAB51F2}.Debug|Any CPU.Build.0 = Debug|Any CPU
		{463C3B11-E241-4134-8680-24EA8DAB51F2}.Release|Any CPU.ActiveCfg = Release|Any CPU
		{463C3B11-E241-4134-8680-24EA8DAB51F2}.Release|Any CPU.Build.0 = Release|Any CPU
	EndGlobalSection
	GlobalSection(SolutionProperties) = preSolution
		HideSolutionNode = FALSE
	EndGlobalSection
	GlobalSection(ExtensibilityGlobals) = postSolution
		SolutionGuid = {73A0BE72-D2CA-4929-A286-C8742F0E8B3D}
	EndGlobalSection
EndGlobal
